
Microsoft Visual Studio Solution File, Format Version 12.00
# Visual Studio 14
VisualStudioVersion = 14.0.24720.0
MinimumVisualStudioVersion = 10.0.40219.1
Project("{FAE04EC0-301F-11D3-BF4B-00C04F79EFBC}") = "ccx_testsuite", "CCExtractorTester\ccx_testsuite.csproj", "{B95135C8-6C59-464D-BF64-153D13F4C827}"
EndProject
Project("{FAE04EC0-301F-11D3-BF4B-00C04F79EFBC}") = "conversionTools", "conversionTools\conversionTools.csproj", "{56549BDA-EF69-4F51-8853-332099B55E09}"
EndProject
Project("{FAE04EC0-301F-11D3-BF4B-00C04F79EFBC}") = "testGenerations", "testGenerations\testGenerations.csproj", "{3423C9D4-881A-43BE-BB55-67B9F1C1B126}"
EndProject
Global
	GlobalSection(SolutionConfigurationPlatforms) = preSolution
		Debug|Any CPU = Debug|Any CPU
		Debug|x86 = Debug|x86
		Release|Any CPU = Release|Any CPU
		Release|x86 = Release|x86
	EndGlobalSection
	GlobalSection(ProjectConfigurationPlatforms) = postSolution
		{B95135C8-6C59-464D-BF64-153D13F4C827}.Debug|Any CPU.ActiveCfg = Debug|x86
		{B95135C8-6C59-464D-BF64-153D13F4C827}.Debug|x86.ActiveCfg = Debug|x86
		{B95135C8-6C59-464D-BF64-153D13F4C827}.Debug|x86.Build.0 = Debug|x86
		{B95135C8-6C59-464D-BF64-153D13F4C827}.Release|Any CPU.ActiveCfg = Release|x86
		{B95135C8-6C59-464D-BF64-153D13F4C827}.Release|x86.ActiveCfg = Release|x86
		{B95135C8-6C59-464D-BF64-153D13F4C827}.Release|x86.Build.0 = Release|x86
		{56549BDA-EF69-4F51-8853-332099B55E09}.Debug|Any CPU.ActiveCfg = Debug|Any CPU
		{56549BDA-EF69-4F51-8853-332099B55E09}.Debug|Any CPU.Build.0 = Debug|Any CPU
		{56549BDA-EF69-4F51-8853-332099B55E09}.Debug|x86.ActiveCfg = Debug|Any CPU
		{56549BDA-EF69-4F51-8853-332099B55E09}.Debug|x86.Build.0 = Debug|Any CPU
		{56549BDA-EF69-4F51-8853-332099B55E09}.Release|Any CPU.ActiveCfg = Release|Any CPU
		{56549BDA-EF69-4F51-8853-332099B55E09}.Release|Any CPU.Build.0 = Release|Any CPU
		{56549BDA-EF69-4F51-8853-332099B55E09}.Release|x86.ActiveCfg = Release|Any CPU
		{56549BDA-EF69-4F51-8853-332099B55E09}.Release|x86.Build.0 = Release|Any CPU
		{3423C9D4-881A-43BE-BB55-67B9F1C1B126}.Debug|Any CPU.ActiveCfg = Debug|Any CPU
		{3423C9D4-881A-43BE-BB55-67B9F1C1B126}.Debug|Any CPU.Build.0 = Debug|Any CPU
		{3423C9D4-881A-43BE-BB55-67B9F1C1B126}.Debug|x86.ActiveCfg = Debug|Any CPU
		{3423C9D4-881A-43BE-BB55-67B9F1C1B126}.Debug|x86.Build.0 = Debug|Any CPU
		{3423C9D4-881A-43BE-BB55-67B9F1C1B126}.Release|Any CPU.ActiveCfg = Release|Any CPU
		{3423C9D4-881A-43BE-BB55-67B9F1C1B126}.Release|Any CPU.Build.0 = Release|Any CPU
		{3423C9D4-881A-43BE-BB55-67B9F1C1B126}.Release|x86.ActiveCfg = Release|Any CPU
		{3423C9D4-881A-43BE-BB55-67B9F1C1B126}.Release|x86.Build.0 = Release|Any CPU
	EndGlobalSection
	GlobalSection(SolutionProperties) = preSolution
		HideSolutionNode = FALSE
	EndGlobalSection
	GlobalSection(MonoDevelopProperties) = preSolution
		StartupItem = CCExtractorTester\CCExtractorTester.csproj
		Policies = $0
		$0.DotNetNamingPolicy = $1
		$1.DirectoryNamespaceAssociation = None
		$1.ResourceNamePolicy = FileFormatDefault
		$0.TextStylePolicy = $11
		$2.inheritsSet = null
		$2.scope = text/microsoft-resx
		$0.XmlFormattingPolicy = $10
		$3.inheritsSet = null
		$3.scope = text/microsoft-resx
		$4.inheritsSet = null
		$4.scope = application/xml
		$5.inheritsSet = Mono
		$5.inheritsScope = application/xml
		$5.scope = application/xml
		$6.FileWidth = 120
		$6.TabsToSpaces = False
		$6.EolMarker = Unix
		$6.inheritsSet = VisualStudio
		$6.inheritsScope = text/plain
		$6.scope = text/plain
		$7.inheritsSet = null
		$7.scope = text/x-csharp
		$0.CSharpFormattingPolicy = $8
		$8.AfterDelegateDeclarationParameterComma = True
		$8.inheritsSet = Mono
		$8.inheritsScope = text/x-csharp
		$8.scope = text/x-csharp
		$9.inheritsSet = null
		$9.scope = application/config+xml
		$10.inheritsSet = null
		$10.scope = application/config+xml
		$11.inheritsSet = null
		$11.scope = text/css
		$0.StandardHeader = $12
		$12.Text = 
		$12.IncludeInNewFiles = True
		$0.NameConventionPolicy = $13
		$13.Rules = $14
		$14.NamingRule = $34
		$15.Name = Namespaces
		$15.AffectedEntity = Namespace
		$15.VisibilityMask = VisibilityMask
		$15.NamingStyle = PascalCase
		$15.IncludeInstanceMembers = True
		$15.IncludeStaticEntities = True
		$16.Name = Types
		$16.AffectedEntity = Class, Struct, Enum, Delegate
		$16.VisibilityMask = Public
		$16.NamingStyle = PascalCase
		$16.IncludeInstanceMembers = True
		$16.IncludeStaticEntities = True
		$17.Name = Interfaces
		$17.RequiredPrefixes = $18
		$18.String = I
		$17.AffectedEntity = Interface
		$17.VisibilityMask = Public
		$17.NamingStyle = PascalCase
		$17.IncludeInstanceMembers = True
		$17.IncludeStaticEntities = True
		$19.Name = Attributes
		$19.RequiredSuffixes = $20
		$20.String = Attribute
		$19.AffectedEntity = CustomAttributes
		$19.VisibilityMask = Public
		$19.NamingStyle = PascalCase
		$19.IncludeInstanceMembers = True
		$19.IncludeStaticEntities = True
		$21.Name = Event Arguments
		$21.RequiredSuffixes = $22
		$22.String = EventArgs
		$21.AffectedEntity = CustomEventArgs
		$21.VisibilityMask = Public
		$21.NamingStyle = PascalCase
		$21.IncludeInstanceMembers = True
		$21.IncludeStaticEntities = True
		$23.Name = Exceptions
		$23.RequiredSuffixes = $24
		$24.String = Exception
		$23.AffectedEntity = CustomExceptions
		$23.VisibilityMask = VisibilityMask
		$23.NamingStyle = PascalCase
		$23.IncludeInstanceMembers = True
		$23.IncludeStaticEntities = True
		$25.Name = Methods
		$25.AffectedEntity = Methods
		$25.VisibilityMask = Protected, Public
		$25.NamingStyle = PascalCase
		$25.IncludeInstanceMembers = True
		$25.IncludeStaticEntities = True
		$26.Name = Static Readonly Fields
		$26.AffectedEntity = ReadonlyField
		$26.VisibilityMask = Protected, Public
		$26.NamingStyle = PascalCase
		$26.IncludeInstanceMembers = False
		$26.IncludeStaticEntities = True
		$27.Name = Fields
		$27.AffectedEntity = Field
		$27.VisibilityMask = Protected, Public
		$27.NamingStyle = PascalCase
		$27.IncludeInstanceMembers = True
		$27.IncludeStaticEntities = True
		$28.Name = ReadOnly Fields
		$28.AffectedEntity = ReadonlyField
		$28.VisibilityMask = Protected, Public
		$28.NamingStyle = PascalCase
		$28.IncludeInstanceMembers = True
		$28.IncludeStaticEntities = False
		$29.Name = Constant Fields
		$29.AffectedEntity = ConstantField
		$29.VisibilityMask = Protected, Public
		$29.NamingStyle = PascalCase
		$29.IncludeInstanceMembers = True
		$29.IncludeStaticEntities = True
		$30.Name = Properties
		$30.AffectedEntity = Property
		$30.VisibilityMask = Protected, Public
		$30.NamingStyle = PascalCase
		$30.IncludeInstanceMembers = True
		$30.IncludeStaticEntities = True
		$31.Name = Events
		$31.AffectedEntity = Event
		$31.VisibilityMask = Protected, Public
		$31.NamingStyle = PascalCase
		$31.IncludeInstanceMembers = True
		$31.IncludeStaticEntities = True
		$32.Name = Enum Members
		$32.AffectedEntity = EnumMember
		$32.VisibilityMask = VisibilityMask
		$32.NamingStyle = PascalCase
		$32.IncludeInstanceMembers = True
		$32.IncludeStaticEntities = True
		$33.Name = Parameters
		$33.AffectedEntity = Parameter
		$33.VisibilityMask = VisibilityMask
		$33.NamingStyle = CamelCase
		$33.IncludeInstanceMembers = True
		$33.IncludeStaticEntities = True
		$34.Name = Type Parameters
		$34.RequiredPrefixes = $35
		$35.String = T
		$34.AffectedEntity = TypeParameter
		$34.VisibilityMask = VisibilityMask
		$34.NamingStyle = PascalCase
		$34.IncludeInstanceMembers = True
		$34.IncludeStaticEntities = True
		$0.VersionControlPolicy = $36
		$36.inheritsSet = Mono
		$0.ChangeLogPolicy = $37
		$37.UpdateMode = None
		$37.MessageStyle = $38
		$38.LineAlign = 0
		$37.inheritsSet = Mono
	EndGlobalSection
EndGlobal
